github.com/HugoBlox/hugo-blox-builder/modules/blox-plugin-netlify v0.0.0-20251201030931-373eb7966ed8 h1:X9bH4N+Gi0F4URK8VtNplN5alz/fEBbo1V5oGZ03n+o=
github.com/HugoBlox/hugo-blox-builder/modules/blox-plugin-netlify v0.0.0-20251201030931-373eb7966ed8/go.mod h1:C7jfxMLv1bEUqbM9XDSmEpfOpS8w06OgqNDEcbuRgL4=
github.com/HugoBlox/hugo-blox-builder/modules/blox-tailwind v0.0.0-20251207015048-f0eb4a7e9c4d h1:RyRkSXYDvWAugL7tz1zFA9Iq7nlSVIyS7Lk8CnaDsb8=
github.com/HugoBlox/hugo-blox-builder/modules/blox-tailwind v0.0.0-20251207015048-f0eb4a7e9c4d/go.mod h1:blQEm4Y+xVVX9OTVDnO+p0MwHTy3hQdpU6pZK659DiI=
